
Microsoft Visual Studio Solution File, Format Version 12.00
# Visual Studio Version 17
VisualStudioVersion = 17.3.32825.248
MinimumVisualStudioVersion = 10.0.40219.1
Project("{8BC9CEB8-8B4A-11D0-8D11-00A0C91BC942}") = "advancedBalance", "advancedBalance\advancedBalance.vcxproj", "{0A6437B5-0E4C-4CC6-ABEB-C59B1FC0DDE5}"
EndProject
Global
	GlobalSection(SolutionConfigurationPlatforms) = preSolution
		Debug|x64 = Debug|x64
		Debug|x86 = Debug|x86
		Release|x64 = Release|x64
		Release|x86 = Release|x86
	EndGlobalSection
	GlobalSection(ProjectConfigurationPlatforms) = postSolution
		{0A6437B5-0E4C-4CC6-ABEB-C59B1FC0DDE5}.Debug|x64.ActiveCfg = Debug|x64
		{0A6437B5-0E4C-4CC6-ABEB-C59B1FC0DDE5}.Debug|x64.Build.0 = Debug|x64
		{0A6437B5-0E4C-4CC6-ABEB-C59B1FC0DDE5}.Debug|x86.ActiveCfg = Debug|Win32
		{0A6437B5-0E4C-4CC6-ABEB-C59B1FC0DDE5}.Debug|x86.Build.0 = Debug|Win32
		{0A6437B5-0E4C-4CC6-ABEB-C59B1FC0DDE5}.Release|x64.ActiveCfg = Release|x64
		{0A6437B5-0E4C-4CC6-ABEB-C59B1FC0DDE5}.Release|x64.Build.0 = Release|x64
		{0A6437B5-0E4C-4CC6-ABEB-C59B1FC0DDE5}.Release|x86.ActiveCfg = Release|Win32
		{0A6437B5-0E4C-4CC6-ABEB-C59B1FC0DDE5}.Release|x86.Build.0 = Release|Win32
	EndGlobalSection
	GlobalSection(SolutionProperties) = preSolution
		HideSolutionNode = FALSE
	EndGlobalSection
	GlobalSection(ExtensibilityGlobals) = postSolution
		SolutionGuid = {55FA9019-09A8-43F4-A78B-7849C4D99B00}
	EndGlobalSection
EndGlobal
