
Microsoft Visual Studio Solution File, Format Version 12.00
# Visual Studio Version 17
VisualStudioVersion = 17.3.32825.248
MinimumVisualStudioVersion = 10.0.40219.1
Project("{8BC9CEB8-8B4A-11D0-8D11-00A0C91BC942}") = "search", "search\search.vcxproj", "{06727AC9-7468-4365-9ABA-6124438F2618}"
EndProject
Global
	GlobalSection(SolutionConfigurationPlatforms) = preSolution
		Debug|x64 = Debug|x64
		Debug|x86 = Debug|x86
		Release|x64 = Release|x64
		Release|x86 = Release|x86
	EndGlobalSection
	GlobalSection(ProjectConfigurationPlatforms) = postSolution
		{06727AC9-7468-4365-9ABA-6124438F2618}.Debug|x64.ActiveCfg = Debug|x64
		{06727AC9-7468-4365-9ABA-6124438F2618}.Debug|x64.Build.0 = Debug|x64
		{06727AC9-7468-4365-9ABA-6124438F2618}.Debug|x86.ActiveCfg = Debug|Win32
		{06727AC9-7468-4365-9ABA-6124438F2618}.Debug|x86.Build.0 = Debug|Win32
		{06727AC9-7468-4365-9ABA-6124438F2618}.Release|x64.ActiveCfg = Release|x64
		{06727AC9-7468-4365-9ABA-6124438F2618}.Release|x64.Build.0 = Release|x64
		{06727AC9-7468-4365-9ABA-6124438F2618}.Release|x86.ActiveCfg = Release|Win32
		{06727AC9-7468-4365-9ABA-6124438F2618}.Release|x86.Build.0 = Release|Win32
	EndGlobalSection
	GlobalSection(SolutionProperties) = preSolution
		HideSolutionNode = FALSE
	EndGlobalSection
	GlobalSection(ExtensibilityGlobals) = postSolution
		SolutionGuid = {98963331-2603-4109-A056-241C36A1363E}
	EndGlobalSection
EndGlobal
