
Microsoft Visual Studio Solution File, Format Version 12.00
# Visual Studio Version 17
VisualStudioVersion = 17.3.32825.248
MinimumVisualStudioVersion = 10.0.40219.1
Project("{8BC9CEB8-8B4A-11D0-8D11-00A0C91BC942}") = "halfQSort", "halfQSort\halfQSort.vcxproj", "{23ABB3E6-FA90-4DE5-B132-4CDBFC962192}"
EndProject
Global
	GlobalSection(SolutionConfigurationPlatforms) = preSolution
		Debug|x64 = Debug|x64
		Debug|x86 = Debug|x86
		Release|x64 = Release|x64
		Release|x86 = Release|x86
	EndGlobalSection
	GlobalSection(ProjectConfigurationPlatforms) = postSolution
		{23ABB3E6-FA90-4DE5-B132-4CDBFC962192}.Debug|x64.ActiveCfg = Debug|x64
		{23ABB3E6-FA90-4DE5-B132-4CDBFC962192}.Debug|x64.Build.0 = Debug|x64
		{23ABB3E6-FA90-4DE5-B132-4CDBFC962192}.Debug|x86.ActiveCfg = Debug|Win32
		{23ABB3E6-FA90-4DE5-B132-4CDBFC962192}.Debug|x86.Build.0 = Debug|Win32
		{23ABB3E6-FA90-4DE5-B132-4CDBFC962192}.Release|x64.ActiveCfg = Release|x64
		{23ABB3E6-FA90-4DE5-B132-4CDBFC962192}.Release|x64.Build.0 = Release|x64
		{23ABB3E6-FA90-4DE5-B132-4CDBFC962192}.Release|x86.ActiveCfg = Release|Win32
		{23ABB3E6-FA90-4DE5-B132-4CDBFC962192}.Release|x86.Build.0 = Release|Win32
	EndGlobalSection
	GlobalSection(SolutionProperties) = preSolution
		HideSolutionNode = FALSE
	EndGlobalSection
	GlobalSection(ExtensibilityGlobals) = postSolution
		SolutionGuid = {E957781B-D08D-4354-BA6F-076409E60900}
	EndGlobalSection
EndGlobal
